
Microsoft Visual Studio Solution File, Format Version 12.00
# Visual Studio Version 17
VisualStudioVersion = 17.5.33414.496
MinimumVisualStudioVersion = 10.0.40219.1
Project("{FAE04EC0-301F-11D3-BF4B-00C04F79EFBC}") = "Homework1", "Homework1\Homework1.csproj", "{32D745F7-E33A-4D06-9D6E-E7B84D73019F}"
EndProject
Global
	GlobalSection(SolutionConfigurationPlatforms) = preSolution
		Debug|Any CPU = Debug|Any CPU
		Release|Any CPU = Release|Any CPU
	EndGlobalSection
	GlobalSection(ProjectConfigurationPlatforms) = postSolution
		{32D745F7-E33A-4D06-9D6E-E7B84D73019F}.Debug|Any CPU.ActiveCfg = Debug|Any CPU
		{32D745F7-E33A-4D06-9D6E-E7B84D73019F}.Debug|Any CPU.Build.0 = Debug|Any CPU
		{32D745F7-E33A-4D06-9D6E-E7B84D73019F}.Release|Any CPU.ActiveCfg = Release|Any CPU
		{32D745F7-E33A-4D06-9D6E-E7B84D73019F}.Release|Any CPU.Build.0 = Release|Any CPU
	EndGlobalSection
	GlobalSection(SolutionProperties) = preSolution
		HideSolutionNode = FALSE
	EndGlobalSection
	GlobalSection(ExtensibilityGlobals) = postSolution
		SolutionGuid = {FF5B495E-5461-4838-902F-9F9F823681CE}
	EndGlobalSection
EndGlobal
